<?xml version="1.0" encoding="UTF-8"?>
<Scheme
   version = "1.8">
   <BuildAction
      parallelizeBuildables = "YES"
      buildImplicitDependencies = "YES">
      <BuildActionEntries>
         <BuildActionEntry
            buildForTesting = "YES"
            buildForRunning = "YES"
            buildForProfiling = "YES"
            buildForArchiving = "YES"
            buildForAnalyzing = "YES">
            <BuildableReference
               BuildableIdentifier = "primary"
               BlueprintIdentifier = "8D1107260486CEB800E47090"
               BuildableName = "Recent Redux.app"
               BlueprintName = "Recent Redux"
               ReferencedContainer = "container:Recent Redux.xcodeproj">
            </BuildableReference>
         </BuildActionEntry>
      </BuildActionEntries>
   </BuildAction>
   <TestAction
      selectedDebuggerIdentifier = "Xcode.DebuggerFoundation.Debugger.GDB"
      selectedLauncherIdentifier = "Xcode.DebuggerFoundation.Launcher.GDB"
      shouldUseLaunchSchemeArgsEnv = "YES"
      buildConfiguration = "Trial Debug">
      <Testables>
      </Testables>
   </TestAction>
   <LaunchAction
      selectedDebuggerIdentifier = "Xcode.DebuggerFoundation.Debugger.GDB"
      selectedLauncherIdentifier = "Xcode.DebuggerFoundation.Launcher.GDB"
      displayScaleIsEnabled = "NO"
      displayScale = "1.00"
      launchStyle = "0"
      useCustomWorkingDirectory = "NO"
      buildConfiguration = "Trial Debug"
      ignoresPersistentStateOnLaunch = "NO"
      debugDocumentVersioning = "YES"
      allowLocationSimulation = "YES">
      <PathRunnable
         FilePath = "/Users/Tim/Library/Developer/Xcode/DerivedData/Recent_Redux-hlffcmnhbvipymginxstdpyfuqsn/Build/Products/Trial Debug/Recent Redux Trial.app">
      </PathRunnable>
      <MacroExpansion>
         <BuildableReference
            BuildableIdentifier = "primary"
            BlueprintIdentifier = "8D1107260486CEB800E47090"
            BuildableName = "Recent Redux.app"
            BlueprintName = "Recent Redux"
            ReferencedContainer = "container:Recent Redux.xcodeproj">
         </BuildableReference>
      </MacroExpansion>
      <AdditionalOptions>
      </AdditionalOptions>
   </LaunchAction>
   <ProfileAction
      displayScaleIsEnabled = "NO"
      displayScale = "1.00"
      shouldUseLaunchSchemeArgsEnv = "YES"
      savedToolIdentifier = ""
      useCustomWorkingDirectory = "NO"
      buildConfiguration = "Trial Release"
      debugDocumentVersioning = "YES">
      <PathRunnable
         FilePath = "/Users/Tim/Library/Developer/Xcode/DerivedData/Recent_Redux-hlffcmnhbvipymginxstdpyfuqsn/Build/Products/Trial Debug/Recent Redux Trial.app">
      </PathRunnable>
      <MacroExpansion>
         <BuildableReference
            BuildableIdentifier = "primary"
            BlueprintIdentifier = "8D1107260486CEB800E47090"
            BuildableName = "Recent Redux.app"
            BlueprintName = "Recent Redux"
            ReferencedContainer = "container:Recent Redux.xcodeproj">
         </BuildableReference>
      </MacroExpansion>
   </ProfileAction>
   <AnalyzeAction
      buildConfiguration = "Trial Debug">
   </AnalyzeAction>
   <ArchiveAction
      buildConfiguration = "Trial Release"
      revealArchiveInOrganizer = "YES">
   </ArchiveAction>
</Scheme>
